
Microsoft Visual Studio Solution File, Format Version 12.00
# Visual Studio Version 17
VisualStudioVersion = 17.0.32014.148
MinimumVisualStudioVersion = 10.0.40219.1
Project("{FAE04EC0-301F-11D3-BF4B-00C04F79EFBC}") = "FunctionApp18", "FunctionApp18\FunctionApp18.csproj", "{1A120089-CAF0-48CD-B27B-5E4E487C488A}"
EndProject
Global
	GlobalSection(SolutionConfigurationPlatforms) = preSolution
		Debug|Any CPU = Debug|Any CPU
		Release|Any CPU = Release|Any CPU
	EndGlobalSection
	GlobalSection(ProjectConfigurationPlatforms) = postSolution
		{1A120089-CAF0-48CD-B27B-5E4E487C488A}.Debug|Any CPU.ActiveCfg = Debug|Any CPU
		{1A120089-CAF0-48CD-B27B-5E4E487C488A}.Debug|Any CPU.Build.0 = Debug|Any CPU
		{1A120089-CAF0-48CD-B27B-5E4E487C488A}.Release|Any CPU.ActiveCfg = Release|Any CPU
		{1A120089-CAF0-48CD-B27B-5E4E487C488A}.Release|Any CPU.Build.0 = Release|Any CPU
	EndGlobalSection
	GlobalSection(SolutionProperties) = preSolution
		HideSolutionNode = FALSE
	EndGlobalSection
	GlobalSection(ExtensibilityGlobals) = postSolution
		SolutionGuid = {C4D01237-8468-4AB4-900A-E92D28A28427}
	EndGlobalSection
EndGlobal
